
Microsoft Visual Studio Solution File, Format Version 12.00
# Visual Studio 14
VisualStudioVersion = 14.0.23107.0
MinimumVisualStudioVersion = 10.0.40219.1
Project("{2150E333-8FDC-42A3-9474-1A3956D46DE8}") = "src", "src", "{47C6BFD7-23C5-4D13-9369-17FAB5A5BA5E}"
EndProject
Project("{2150E333-8FDC-42A3-9474-1A3956D46DE8}") = "tests", "tests", "{2A9BCF72-92B8-448F-9AC9-BD294DC1EF24}"
EndProject
Project("{2150E333-8FDC-42A3-9474-1A3956D46DE8}") = "samples", "samples", "{BC0F5CBE-3217-4DCE-B73D-3F8A2802D35D}"
EndProject
Project("{FAE04EC0-301F-11D3-BF4B-00C04F79EFBC}") = "Owin.Webdav", "src\Owin.Webdav\Owin.Webdav.csproj", "{C54D5283-7F4D-4599-8930-086A8416C176}"
EndProject
Project("{FAE04EC0-301F-11D3-BF4B-00C04F79EFBC}") = "Owin.Webdav.Test", "tests\Owin.Webdav.Test\Owin.Webdav.Test.csproj", "{041FC102-4052-45C2-98DF-4F70B7989879}"
EndProject
Project("{FAE04EC0-301F-11D3-BF4B-00C04F79EFBC}") = "Owin.Webdav.StaticDataStore", "src\Owin.Webdav.StaticDataStore\Owin.Webdav.StaticDataStore.csproj", "{462B4EB9-48D5-40A2-8906-0A087172BFA6}"
EndProject
Project("{FAE04EC0-301F-11D3-BF4B-00C04F79EFBC}") = "Sample.IIS", "samples\Sample.IIS\Sample.IIS.csproj", "{2D3C729A-87C3-439B-A37D-311EFCD7418B}"
EndProject
Project("{FAE04EC0-301F-11D3-BF4B-00C04F79EFBC}") = "Sample.Process", "samples\Sample.Process\Sample.Process.csproj", "{69E05B58-E6B1-47B5-AB8A-70785C1F2E6D}"
EndProject
Project("{FAE04EC0-301F-11D3-BF4B-00C04F79EFBC}") = "Soukoku.Owin.Files", "src\Soukoku.Owin.Files\Soukoku.Owin.Files.csproj", "{EC323A50-D307-41B7-8141-508631FBB5F1}"
EndProject
Project("{FAE04EC0-301F-11D3-BF4B-00C04F79EFBC}") = "FilesRunner", "samples\FilesRunner\FilesRunner.csproj", "{32E77631-7A7C-40DB-BF96-7EE266B1D073}"
EndProject
Project("{FAE04EC0-301F-11D3-BF4B-00C04F79EFBC}") = "Soukoku.Owin.Files.Zipped", "src\Soukoku.Owin.Files.Zipped\Soukoku.Owin.Files.Zipped.csproj", "{FA3BDB1B-4B8C-448C-B4F7-681D81B11548}"
EndProject
Project("{FAE04EC0-301F-11D3-BF4B-00C04F79EFBC}") = "Soukoku.Owin.Files.Webdav", "src\Soukoku.Owin.Files.Webdav\Soukoku.Owin.Files.Webdav.csproj", "{50CBC52E-3167-4DBC-9187-48887BE90171}"
EndProject
Global
	GlobalSection(SolutionConfigurationPlatforms) = preSolution
		Debug|Any CPU = Debug|Any CPU
		Release|Any CPU = Release|Any CPU
	EndGlobalSection
	GlobalSection(ProjectConfigurationPlatforms) = postSolution
		{C54D5283-7F4D-4599-8930-086A8416C176}.Debug|Any CPU.ActiveCfg = Debug|Any CPU
		{C54D5283-7F4D-4599-8930-086A8416C176}.Debug|Any CPU.Build.0 = Debug|Any CPU
		{C54D5283-7F4D-4599-8930-086A8416C176}.Release|Any CPU.ActiveCfg = Release|Any CPU
		{C54D5283-7F4D-4599-8930-086A8416C176}.Release|Any CPU.Build.0 = Release|Any CPU
		{041FC102-4052-45C2-98DF-4F70B7989879}.Debug|Any CPU.ActiveCfg = Debug|Any CPU
		{041FC102-4052-45C2-98DF-4F70B7989879}.Debug|Any CPU.Build.0 = Debug|Any CPU
		{041FC102-4052-45C2-98DF-4F70B7989879}.Release|Any CPU.ActiveCfg = Release|Any CPU
		{041FC102-4052-45C2-98DF-4F70B7989879}.Release|Any CPU.Build.0 = Release|Any CPU
		{462B4EB9-48D5-40A2-8906-0A087172BFA6}.Debug|Any CPU.ActiveCfg = Debug|Any CPU
		{462B4EB9-48D5-40A2-8906-0A087172BFA6}.Debug|Any CPU.Build.0 = Debug|Any CPU
		{462B4EB9-48D5-40A2-8906-0A087172BFA6}.Release|Any CPU.ActiveCfg = Release|Any CPU
		{462B4EB9-48D5-40A2-8906-0A087172BFA6}.Release|Any CPU.Build.0 = Release|Any CPU
		{2D3C729A-87C3-439B-A37D-311EFCD7418B}.Debug|Any CPU.ActiveCfg = Debug|Any CPU
		{2D3C729A-87C3-439B-A37D-311EFCD7418B}.Debug|Any CPU.Build.0 = Debug|Any CPU
		{2D3C729A-87C3-439B-A37D-311EFCD7418B}.Release|Any CPU.ActiveCfg = Release|Any CPU
		{2D3C729A-87C3-439B-A37D-311EFCD7418B}.Release|Any CPU.Build.0 = Release|Any CPU
		{69E05B58-E6B1-47B5-AB8A-70785C1F2E6D}.Debug|Any CPU.ActiveCfg = Debug|Any CPU
		{69E05B58-E6B1-47B5-AB8A-70785C1F2E6D}.Debug|Any CPU.Build.0 = Debug|Any CPU
		{69E05B58-E6B1-47B5-AB8A-70785C1F2E6D}.Release|Any CPU.ActiveCfg = Release|Any CPU
		{69E05B58-E6B1-47B5-AB8A-70785C1F2E6D}.Release|Any CPU.Build.0 = Release|Any CPU
		{EC323A50-D307-41B7-8141-508631FBB5F1}.Debug|Any CPU.ActiveCfg = Debug|Any CPU
		{EC323A50-D307-41B7-8141-508631FBB5F1}.Debug|Any CPU.Build.0 = Debug|Any CPU
		{EC323A50-D307-41B7-8141-508631FBB5F1}.Release|Any CPU.ActiveCfg = Release|Any CPU
		{EC323A50-D307-41B7-8141-508631FBB5F1}.Release|Any CPU.Build.0 = Release|Any CPU
		{32E77631-7A7C-40DB-BF96-7EE266B1D073}.Debug|Any CPU.ActiveCfg = Debug|Any CPU
		{32E77631-7A7C-40DB-BF96-7EE266B1D073}.Debug|Any CPU.Build.0 = Debug|Any CPU
		{32E77631-7A7C-40DB-BF96-7EE266B1D073}.Release|Any CPU.ActiveCfg = Release|Any CPU
		{32E77631-7A7C-40DB-BF96-7EE266B1D073}.Release|Any CPU.Build.0 = Release|Any CPU
		{FA3BDB1B-4B8C-448C-B4F7-681D81B11548}.Debug|Any CPU.ActiveCfg = Debug|Any CPU
		{FA3BDB1B-4B8C-448C-B4F7-681D81B11548}.Debug|Any CPU.Build.0 = Debug|Any CPU
		{FA3BDB1B-4B8C-448C-B4F7-681D81B11548}.Release|Any CPU.ActiveCfg = Release|Any CPU
		{FA3BDB1B-4B8C-448C-B4F7-681D81B11548}.Release|Any CPU.Build.0 = Release|Any CPU
		{50CBC52E-3167-4DBC-9187-48887BE90171}.Debug|Any CPU.ActiveCfg = Debug|Any CPU
		{50CBC52E-3167-4DBC-9187-48887BE90171}.Debug|Any CPU.Build.0 = Debug|Any CPU
		{50CBC52E-3167-4DBC-9187-48887BE90171}.Release|Any CPU.ActiveCfg = Release|Any CPU
		{50CBC52E-3167-4DBC-9187-48887BE90171}.Release|Any CPU.Build.0 = Release|Any CPU
	EndGlobalSection
	GlobalSection(SolutionProperties) = preSolution
		HideSolutionNode = FALSE
	EndGlobalSection
	GlobalSection(NestedProjects) = preSolution
		{C54D5283-7F4D-4599-8930-086A8416C176} = {47C6BFD7-23C5-4D13-9369-17FAB5A5BA5E}
		{041FC102-4052-45C2-98DF-4F70B7989879} = {2A9BCF72-92B8-448F-9AC9-BD294DC1EF24}
		{462B4EB9-48D5-40A2-8906-0A087172BFA6} = {47C6BFD7-23C5-4D13-9369-17FAB5A5BA5E}
		{2D3C729A-87C3-439B-A37D-311EFCD7418B} = {BC0F5CBE-3217-4DCE-B73D-3F8A2802D35D}
		{69E05B58-E6B1-47B5-AB8A-70785C1F2E6D} = {BC0F5CBE-3217-4DCE-B73D-3F8A2802D35D}
		{EC323A50-D307-41B7-8141-508631FBB5F1} = {47C6BFD7-23C5-4D13-9369-17FAB5A5BA5E}
		{32E77631-7A7C-40DB-BF96-7EE266B1D073} = {BC0F5CBE-3217-4DCE-B73D-3F8A2802D35D}
		{FA3BDB1B-4B8C-448C-B4F7-681D81B11548} = {47C6BFD7-23C5-4D13-9369-17FAB5A5BA5E}
		{50CBC52E-3167-4DBC-9187-48887BE90171} = {47C6BFD7-23C5-4D13-9369-17FAB5A5BA5E}
	EndGlobalSection
EndGlobal
